<?xml version="1.0" encoding="utf-8"?>
<Project xmlns="http://schemas.microsoft.com/developer/msbuild/2003">
  <ItemGroup>
    <Filter Include="Form Files">
      <UniqueIdentifier>{99349809-55BA-4b9d-BF79-8FDBB0286EB3}</UniqueIdentifier>
      <Extensions>ui</Extensions>
      <ParseFiles>false</ParseFiles>
    </Filter>
    <Filter Include="Form Files">
      <UniqueIdentifier>{99349809-55BA-4b9d-BF79-8FDBB0286EB3}</UniqueIdentifier>
      <Extensions>ui</Extensions>
      <ParseFiles>false</ParseFiles>
    </Filter>
    <Filter Include="Generated Files">
      <UniqueIdentifier>{71ED8ED8-ACB9-4CE9-BBE1-E00B30144E11}</UniqueIdentifier>
      <Extensions>cpp;c;cxx;moc;h;def;odl;idl;res;</Extensions>
    </Filter>
    <Filter Include="Generated Files">
      <UniqueIdentifier>{71ED8ED8-ACB9-4CE9-BBE1-E00B30144E11}</UniqueIdentifier>
      <Extensions>cpp;c;cxx;moc;h;def;odl;idl;res;</Extensions>
    </Filter>
    <Filter Include="Header Files">
      <UniqueIdentifier>{93995380-89BD-4b04-88EB-625FBE52EBFB}</UniqueIdentifier>
      <Extensions>h;hpp;hxx;hm;inl;inc;xsd</Extensions>
    </Filter>
    <Filter Include="Header Files">
      <UniqueIdentifier>{93995380-89BD-4b04-88EB-625FBE52EBFB}</UniqueIdentifier>
      <Extensions>h;hpp;hxx;hm;inl;inc;xsd</Extensions>
    </Filter>
    <Filter Include="Source Files">
      <UniqueIdentifier>{4FC737F1-C7A5-4376-A066-2A32D752A2FF}</UniqueIdentifier>
      <Extensions>cpp;c;cxx;def;odl;idl;hpj;bat;asm;asmx</Extensions>
    </Filter>
    <Filter Include="Source Files">
      <UniqueIdentifier>{4FC737F1-C7A5-4376-A066-2A32D752A2FF}</UniqueIdentifier>
      <Extensions>cpp;c;cxx;def;odl;idl;hpj;bat;asm;asmx</Extensions>
    </Filter>
  </ItemGroup>
  <ItemGroup>
    <ClCompile Include="login_gui.cpp">
      <Filter>Source Files</Filter>
    </ClCompile>
    <ClCompile Include="main.cpp">
      <Filter>Source Files</Filter>
    </ClCompile>
    <ClCompile Include="register_gui.cpp">
      <Filter>Source Files</Filter>
    </ClCompile>
    <ClCompile Include="Home_GUI.cpp">
      <Filter>Source Files</Filter>
    </ClCompile>
    <ClCompile Include="User_Page_GUI.cpp">
      <Filter>Source Files</Filter>
    </ClCompile>
    <ClCompile Include="Movie_Page_GUI.cpp">
      <Filter>Source Files</Filter>
    </ClCompile>
    <ClCompile Include="Wishlist_GUI.cpp">
      <Filter>Source Files</Filter>
    </ClCompile>
    <ClCompile Include="User.cpp">
      <Filter>Source Files</Filter>
    </ClCompile>
    <ClCompile Include="Seen.cpp">
      <Filter>Source Files</Filter>
    </ClCompile>
    <ClCompile Include="Wishlist.cpp">
      <Filter>Source Files</Filter>
    </ClCompile>
    <ClCompile Include="Storages.cpp">
      <Filter>Source Files</Filter>
    </ClCompile>
    <ClCompile Include="SimilarMovies.cpp">
      <Filter>Source Files</Filter>
    </ClCompile>
    <ClCompile Include="SeenMovies.cpp">
      <Filter>Source Files</Filter>
    </ClCompile>
    <ClCompile Include="WishlistPage.cpp">
      <Filter>Source Files</Filter>
    </ClCompile>
    <ClCompile Include="Recommended_GUI.cpp">
      <Filter>Source Files</Filter>
    </ClCompile>
  </ItemGroup>
  <ItemGroup>
    <CustomBuild Include="login_gui.h">
      <Filter>Header Files</Filter>
    </CustomBuild>
    <CustomBuild Include="register_gui.h">
      <Filter>Header Files</Filter>
    </CustomBuild>
  </ItemGroup>
  <ItemGroup>
    <ClCompile Include="debug\moc_login_gui.cpp">
      <Filter>Generated Files</Filter>
    </ClCompile>
    <CustomBuild Include="debug\moc_predefs.h.cbt">
      <Filter>Generated Files</Filter>
    </CustomBuild>
    <ClCompile Include="debug\moc_register_gui.cpp">
      <Filter>Generated Files</Filter>
    </ClCompile>
  </ItemGroup>
  <ItemGroup>
    <CustomBuild Include="login_gui.ui">
      <Filter>Form Files</Filter>
    </CustomBuild>
    <CustomBuild Include="mainwindow.ui">
      <Filter>Form Files</Filter>
    </CustomBuild>
    <CustomBuild Include="register_gui.ui">
      <Filter>Form Files</Filter>
    </CustomBuild>
  </ItemGroup>
  <ItemGroup>
    <ClInclude Include="Home_GUI.h">
      <Filter>Header Files</Filter>
    </ClInclude>
    <ClInclude Include="User_Page_GUI.h">
      <Filter>Header Files</Filter>
    </ClInclude>
    <ClInclude Include="Movie_Page_GUI.h">
      <Filter>Header Files</Filter>
    </ClInclude>
    <ClInclude Include="Wishlist_GUI.h">
      <Filter>Header Files</Filter>
    </ClInclude>
    <ClInclude Include="CreateStorage.h">
      <Filter>Header Files</Filter>
    </ClInclude>
    <ClInclude Include="Movie.h">
      <Filter>Header Files</Filter>
    </ClInclude>
    <ClInclude Include="User.h">
      <Filter>Header Files</Filter>
    </ClInclude>
    <ClInclude Include="Wishlist.h">
      <Filter>Header Files</Filter>
    </ClInclude>
    <ClInclude Include="Seen.h">
      <Filter>Header Files</Filter>
    </ClInclude>
    <ClInclude Include="Storages.h">
      <Filter>Header Files</Filter>
    </ClInclude>
    <ClInclude Include="Recommended.h">
      <Filter>Header Files</Filter>
    </ClInclude>
    <ClInclude Include="SimilarMovies.h">
      <Filter>Header Files</Filter>
    </ClInclude>
    <ClInclude Include="SeenMovies.h">
      <Filter>Header Files</Filter>
    </ClInclude>
    <ClInclude Include="WishlistPage.h">
      <Filter>Header Files</Filter>
    </ClInclude>
    <ClInclude Include="Recommended_GUI.h">
      <Filter>Header Files</Filter>
    </ClInclude>
  </ItemGroup>
  <ItemGroup>
    <Text Include="file.txt">
      <Filter>Source Files</Filter>
    </Text>
    <Text Include="output.txt">
      <Filter>Source Files</Filter>
    </Text>
  </ItemGroup>
</Project>